
Microsoft Visual Studio Solution File, Format Version 12.00
# Visual Studio Version 17
VisualStudioVersion = 17.7.34003.232
MinimumVisualStudioVersion = 10.0.40219.1
Project("{FAE04EC0-301F-11D3-BF4B-00C04F79EFBC}") = "WebMyMvc", "WebMyMvc\WebMyMvc.csproj", "{1520B3D4-5722-4B48-9DE5-9523A49726E4}"
EndProject
Project("{FAE04EC0-301F-11D3-BF4B-00C04F79EFBC}") = "BussinessService", "BussinessService\BussinessService.csproj", "{F20720B0-9271-4639-A6A7-2988F5B8E297}"
EndProject
Project("{FAE04EC0-301F-11D3-BF4B-00C04F79EFBC}") = "DataService", "DataService\DataService.csproj", "{5D164CCE-AD13-44A7-9575-0775D9F9EFC8}"
EndProject
Global
	GlobalSection(SolutionConfigurationPlatforms) = preSolution
		Debug|Any CPU = Debug|Any CPU
		Release|Any CPU = Release|Any CPU
	EndGlobalSection
	GlobalSection(ProjectConfigurationPlatforms) = postSolution
		{1520B3D4-5722-4B48-9DE5-9523A49726E4}.Debug|Any CPU.ActiveCfg = Debug|Any CPU
		{1520B3D4-5722-4B48-9DE5-9523A49726E4}.Debug|Any CPU.Build.0 = Debug|Any CPU
		{1520B3D4-5722-4B48-9DE5-9523A49726E4}.Release|Any CPU.ActiveCfg = Release|Any CPU
		{1520B3D4-5722-4B48-9DE5-9523A49726E4}.Release|Any CPU.Build.0 = Release|Any CPU
		{F20720B0-9271-4639-A6A7-2988F5B8E297}.Debug|Any CPU.ActiveCfg = Debug|Any CPU
		{F20720B0-9271-4639-A6A7-2988F5B8E297}.Debug|Any CPU.Build.0 = Debug|Any CPU
		{F20720B0-9271-4639-A6A7-2988F5B8E297}.Release|Any CPU.ActiveCfg = Release|Any CPU
		{F20720B0-9271-4639-A6A7-2988F5B8E297}.Release|Any CPU.Build.0 = Release|Any CPU
		{5D164CCE-AD13-44A7-9575-0775D9F9EFC8}.Debug|Any CPU.ActiveCfg = Debug|Any CPU
		{5D164CCE-AD13-44A7-9575-0775D9F9EFC8}.Debug|Any CPU.Build.0 = Debug|Any CPU
		{5D164CCE-AD13-44A7-9575-0775D9F9EFC8}.Release|Any CPU.ActiveCfg = Release|Any CPU
		{5D164CCE-AD13-44A7-9575-0775D9F9EFC8}.Release|Any CPU.Build.0 = Release|Any CPU
	EndGlobalSection
	GlobalSection(SolutionProperties) = preSolution
		HideSolutionNode = FALSE
	EndGlobalSection
	GlobalSection(ExtensibilityGlobals) = postSolution
		SolutionGuid = {40FE81BD-083F-4FE2-9FB1-B62F9618C6C5}
	EndGlobalSection
EndGlobal
